
Microsoft Visual Studio Solution File, Format Version 12.00
# Visual Studio Version 17
VisualStudioVersion = 17.4.33103.184
MinimumVisualStudioVersion = 10.0.40219.1
Project("{8BC9CEB8-8B4A-11D0-8D11-00A0C91BC942}") = "Ekzamen", "Ekzamen\Ekzamen.vcxproj", "{AA28FB96-5079-456C-824F-EADC898A326C}"
EndProject
Global
	GlobalSection(SolutionConfigurationPlatforms) = preSolution
		Debug|x64 = Debug|x64
		Debug|x86 = Debug|x86
		Release|x64 = Release|x64
		Release|x86 = Release|x86
	EndGlobalSection
	GlobalSection(ProjectConfigurationPlatforms) = postSolution
		{AA28FB96-5079-456C-824F-EADC898A326C}.Debug|x64.ActiveCfg = Debug|x64
		{AA28FB96-5079-456C-824F-EADC898A326C}.Debug|x64.Build.0 = Debug|x64
		{AA28FB96-5079-456C-824F-EADC898A326C}.Debug|x86.ActiveCfg = Debug|Win32
		{AA28FB96-5079-456C-824F-EADC898A326C}.Debug|x86.Build.0 = Debug|Win32
		{AA28FB96-5079-456C-824F-EADC898A326C}.Release|x64.ActiveCfg = Release|x64
		{AA28FB96-5079-456C-824F-EADC898A326C}.Release|x64.Build.0 = Release|x64
		{AA28FB96-5079-456C-824F-EADC898A326C}.Release|x86.ActiveCfg = Release|Win32
		{AA28FB96-5079-456C-824F-EADC898A326C}.Release|x86.Build.0 = Release|Win32
	EndGlobalSection
	GlobalSection(SolutionProperties) = preSolution
		HideSolutionNode = FALSE
	EndGlobalSection
	GlobalSection(ExtensibilityGlobals) = postSolution
		SolutionGuid = {70D0CA95-79AA-4038-883A-9D673A7CDD81}
	EndGlobalSection
EndGlobal
